
Microsoft Visual Studio Solution File, Format Version 12.00
# Visual Studio 14
VisualStudioVersion = 14.0.25420.1
MinimumVisualStudioVersion = 10.0.40219.1
Project("{FAE04EC0-301F-11D3-BF4B-00C04F79EFBC}") = "Ximplit.WallApp", "Ximplit.WallApp\Ximplit.WallApp.csproj", "{1BD19C25-09E3-4083-83C7-CFC966C217A7}"
EndProject
Project("{FAE04EC0-301F-11D3-BF4B-00C04F79EFBC}") = "WallApp.classes", "WallApp.classes\WallApp.classes.csproj", "{150996D8-F846-4E62-AE63-D92F3B5266F3}"
EndProject
Project("{FAE04EC0-301F-11D3-BF4B-00C04F79EFBC}") = "WallApp.DataModel", "WallApp.DataModel\WallApp.DataModel.csproj", "{FD3C9DA5-DB02-4407-980C-9485AAB3AE31}"
EndProject
Project("{FAE04EC0-301F-11D3-BF4B-00C04F79EFBC}") = "WebClient", "WebClient\WebClient.csproj", "{9041A97D-519B-465B-AD5B-16513BC7FDD4}"
EndProject
Global
	GlobalSection(SolutionConfigurationPlatforms) = preSolution
		Debug|Any CPU = Debug|Any CPU
		Release|Any CPU = Release|Any CPU
	EndGlobalSection
	GlobalSection(ProjectConfigurationPlatforms) = postSolution
		{1BD19C25-09E3-4083-83C7-CFC966C217A7}.Debug|Any CPU.ActiveCfg = Debug|Any CPU
		{1BD19C25-09E3-4083-83C7-CFC966C217A7}.Debug|Any CPU.Build.0 = Debug|Any CPU
		{1BD19C25-09E3-4083-83C7-CFC966C217A7}.Release|Any CPU.ActiveCfg = Release|Any CPU
		{1BD19C25-09E3-4083-83C7-CFC966C217A7}.Release|Any CPU.Build.0 = Release|Any CPU
		{150996D8-F846-4E62-AE63-D92F3B5266F3}.Debug|Any CPU.ActiveCfg = Debug|Any CPU
		{150996D8-F846-4E62-AE63-D92F3B5266F3}.Debug|Any CPU.Build.0 = Debug|Any CPU
		{150996D8-F846-4E62-AE63-D92F3B5266F3}.Release|Any CPU.ActiveCfg = Release|Any CPU
		{150996D8-F846-4E62-AE63-D92F3B5266F3}.Release|Any CPU.Build.0 = Release|Any CPU
		{FD3C9DA5-DB02-4407-980C-9485AAB3AE31}.Debug|Any CPU.ActiveCfg = Debug|Any CPU
		{FD3C9DA5-DB02-4407-980C-9485AAB3AE31}.Debug|Any CPU.Build.0 = Debug|Any CPU
		{FD3C9DA5-DB02-4407-980C-9485AAB3AE31}.Release|Any CPU.ActiveCfg = Release|Any CPU
		{FD3C9DA5-DB02-4407-980C-9485AAB3AE31}.Release|Any CPU.Build.0 = Release|Any CPU
		{9041A97D-519B-465B-AD5B-16513BC7FDD4}.Debug|Any CPU.ActiveCfg = Debug|Any CPU
		{9041A97D-519B-465B-AD5B-16513BC7FDD4}.Debug|Any CPU.Build.0 = Debug|Any CPU
		{9041A97D-519B-465B-AD5B-16513BC7FDD4}.Release|Any CPU.ActiveCfg = Release|Any CPU
		{9041A97D-519B-465B-AD5B-16513BC7FDD4}.Release|Any CPU.Build.0 = Release|Any CPU
	EndGlobalSection
	GlobalSection(SolutionProperties) = preSolution
		HideSolutionNode = FALSE
	EndGlobalSection
EndGlobal
